
Microsoft Visual Studio Solution File, Format Version 12.00
# Visual Studio 15
VisualStudioVersion = 15.0.26124.0
MinimumVisualStudioVersion = 15.0.26124.0
Project("{FAE04EC0-301F-11D3-BF4B-00C04F79EFBC}") = "Expenses.Api", "Expenses.Api\Expenses.Api.csproj", "{BC62A9AE-5824-4833-AA65-0A39B0375ED9}"
EndProject
Project("{FAE04EC0-301F-11D3-BF4B-00C04F79EFBC}") = "Expenses.Client.WebApp", "Expenses.Client.WebApp\Expenses.Client.WebApp.csproj", "{D34E6617-E9DD-4FB1-ADF4-738CA1DC0061}"
EndProject
Project("{FAE04EC0-301F-11D3-BF4B-00C04F79EFBC}") = "Expenses.Common", "Expenses.Common\Expenses.Common.csproj", "{2779C08C-4B6F-4958-B057-7917F31072F7}"
EndProject
Global
	GlobalSection(SolutionConfigurationPlatforms) = preSolution
		Debug|Any CPU = Debug|Any CPU
		Debug|x64 = Debug|x64
		Debug|x86 = Debug|x86
		Release|Any CPU = Release|Any CPU
		Release|x64 = Release|x64
		Release|x86 = Release|x86
	EndGlobalSection
	GlobalSection(SolutionProperties) = preSolution
		HideSolutionNode = FALSE
	EndGlobalSection
	GlobalSection(ProjectConfigurationPlatforms) = postSolution
		{BC62A9AE-5824-4833-AA65-0A39B0375ED9}.Debug|Any CPU.ActiveCfg = Debug|Any CPU
		{BC62A9AE-5824-4833-AA65-0A39B0375ED9}.Debug|Any CPU.Build.0 = Debug|Any CPU
		{BC62A9AE-5824-4833-AA65-0A39B0375ED9}.Debug|x64.ActiveCfg = Debug|Any CPU
		{BC62A9AE-5824-4833-AA65-0A39B0375ED9}.Debug|x64.Build.0 = Debug|Any CPU
		{BC62A9AE-5824-4833-AA65-0A39B0375ED9}.Debug|x86.ActiveCfg = Debug|Any CPU
		{BC62A9AE-5824-4833-AA65-0A39B0375ED9}.Debug|x86.Build.0 = Debug|Any CPU
		{BC62A9AE-5824-4833-AA65-0A39B0375ED9}.Release|Any CPU.ActiveCfg = Release|Any CPU
		{BC62A9AE-5824-4833-AA65-0A39B0375ED9}.Release|Any CPU.Build.0 = Release|Any CPU
		{BC62A9AE-5824-4833-AA65-0A39B0375ED9}.Release|x64.ActiveCfg = Release|Any CPU
		{BC62A9AE-5824-4833-AA65-0A39B0375ED9}.Release|x64.Build.0 = Release|Any CPU
		{BC62A9AE-5824-4833-AA65-0A39B0375ED9}.Release|x86.ActiveCfg = Release|Any CPU
		{BC62A9AE-5824-4833-AA65-0A39B0375ED9}.Release|x86.Build.0 = Release|Any CPU
		{D34E6617-E9DD-4FB1-ADF4-738CA1DC0061}.Debug|Any CPU.ActiveCfg = Debug|Any CPU
		{D34E6617-E9DD-4FB1-ADF4-738CA1DC0061}.Debug|Any CPU.Build.0 = Debug|Any CPU
		{D34E6617-E9DD-4FB1-ADF4-738CA1DC0061}.Debug|x64.ActiveCfg = Debug|Any CPU
		{D34E6617-E9DD-4FB1-ADF4-738CA1DC0061}.Debug|x64.Build.0 = Debug|Any CPU
		{D34E6617-E9DD-4FB1-ADF4-738CA1DC0061}.Debug|x86.ActiveCfg = Debug|Any CPU
		{D34E6617-E9DD-4FB1-ADF4-738CA1DC0061}.Debug|x86.Build.0 = Debug|Any CPU
		{D34E6617-E9DD-4FB1-ADF4-738CA1DC0061}.Release|Any CPU.ActiveCfg = Release|Any CPU
		{D34E6617-E9DD-4FB1-ADF4-738CA1DC0061}.Release|Any CPU.Build.0 = Release|Any CPU
		{D34E6617-E9DD-4FB1-ADF4-738CA1DC0061}.Release|x64.ActiveCfg = Release|Any CPU
		{D34E6617-E9DD-4FB1-ADF4-738CA1DC0061}.Release|x64.Build.0 = Release|Any CPU
		{D34E6617-E9DD-4FB1-ADF4-738CA1DC0061}.Release|x86.ActiveCfg = Release|Any CPU
		{D34E6617-E9DD-4FB1-ADF4-738CA1DC0061}.Release|x86.Build.0 = Release|Any CPU
		{2779C08C-4B6F-4958-B057-7917F31072F7}.Debug|Any CPU.ActiveCfg = Debug|Any CPU
		{2779C08C-4B6F-4958-B057-7917F31072F7}.Debug|Any CPU.Build.0 = Debug|Any CPU
		{2779C08C-4B6F-4958-B057-7917F31072F7}.Debug|x64.ActiveCfg = Debug|Any CPU
		{2779C08C-4B6F-4958-B057-7917F31072F7}.Debug|x64.Build.0 = Debug|Any CPU
		{2779C08C-4B6F-4958-B057-7917F31072F7}.Debug|x86.ActiveCfg = Debug|Any CPU
		{2779C08C-4B6F-4958-B057-7917F31072F7}.Debug|x86.Build.0 = Debug|Any CPU
		{2779C08C-4B6F-4958-B057-7917F31072F7}.Release|Any CPU.ActiveCfg = Release|Any CPU
		{2779C08C-4B6F-4958-B057-7917F31072F7}.Release|Any CPU.Build.0 = Release|Any CPU
		{2779C08C-4B6F-4958-B057-7917F31072F7}.Release|x64.ActiveCfg = Release|Any CPU
		{2779C08C-4B6F-4958-B057-7917F31072F7}.Release|x64.Build.0 = Release|Any CPU
		{2779C08C-4B6F-4958-B057-7917F31072F7}.Release|x86.ActiveCfg = Release|Any CPU
		{2779C08C-4B6F-4958-B057-7917F31072F7}.Release|x86.Build.0 = Release|Any CPU
	EndGlobalSection
EndGlobal
